
Microsoft Visual Studio Solution File, Format Version 12.00
# Visual Studio Version 16
VisualStudioVersion = 16.0.31702.278
MinimumVisualStudioVersion = 10.0.40219.1
Project("{FAE04EC0-301F-11D3-BF4B-00C04F79EFBC}") = "FizzBuzz", "FizzBuzz\FizzBuzz.csproj", "{12590B58-92E2-46C8-A4BF-DC41EF5640D1}"
EndProject
Global
	GlobalSection(SolutionConfigurationPlatforms) = preSolution
		Debug|Any CPU = Debug|Any CPU
		Release|Any CPU = Release|Any CPU
	EndGlobalSection
	GlobalSection(ProjectConfigurationPlatforms) = postSolution
		{12590B58-92E2-46C8-A4BF-DC41EF5640D1}.Debug|Any CPU.ActiveCfg = Debug|Any CPU
		{12590B58-92E2-46C8-A4BF-DC41EF5640D1}.Debug|Any CPU.Build.0 = Debug|Any CPU
		{12590B58-92E2-46C8-A4BF-DC41EF5640D1}.Release|Any CPU.ActiveCfg = Release|Any CPU
		{12590B58-92E2-46C8-A4BF-DC41EF5640D1}.Release|Any CPU.Build.0 = Release|Any CPU
	EndGlobalSection
	GlobalSection(SolutionProperties) = preSolution
		HideSolutionNode = FALSE
	EndGlobalSection
	GlobalSection(ExtensibilityGlobals) = postSolution
		SolutionGuid = {946999EF-BD5B-4866-82AF-4423A7B53ECA}
	EndGlobalSection
EndGlobal
